
Microsoft Visual Studio Solution File, Format Version 12.00
# Visual Studio Version 16
VisualStudioVersion = 16.0.29503.13
MinimumVisualStudioVersion = 10.0.40219.1
Project("{FAE04EC0-301F-11D3-BF4B-00C04F79EFBC}") = "CXMLSession", "CXMLSession.csproj", "{EE7F25DC-E8F1-4AAA-AF93-65F4357C0748}"
EndProject
Project("{FAE04EC0-301F-11D3-BF4B-00C04F79EFBC}") = "CXMLSessionTester", "CXMLSessionTester\CXMLSessionTester.csproj", "{EE92F257-E08B-4247-894E-814B4843AB15}"
EndProject
Global
	GlobalSection(SolutionConfigurationPlatforms) = preSolution
		Debug|Any CPU = Debug|Any CPU
		Release|Any CPU = Release|Any CPU
	EndGlobalSection
	GlobalSection(ProjectConfigurationPlatforms) = postSolution
		{EE7F25DC-E8F1-4AAA-AF93-65F4357C0748}.Debug|Any CPU.ActiveCfg = Debug|Any CPU
		{EE7F25DC-E8F1-4AAA-AF93-65F4357C0748}.Debug|Any CPU.Build.0 = Debug|Any CPU
		{EE7F25DC-E8F1-4AAA-AF93-65F4357C0748}.Release|Any CPU.ActiveCfg = Release|Any CPU
		{EE7F25DC-E8F1-4AAA-AF93-65F4357C0748}.Release|Any CPU.Build.0 = Release|Any CPU
		{EE92F257-E08B-4247-894E-814B4843AB15}.Debug|Any CPU.ActiveCfg = Debug|Any CPU
		{EE92F257-E08B-4247-894E-814B4843AB15}.Debug|Any CPU.Build.0 = Debug|Any CPU
		{EE92F257-E08B-4247-894E-814B4843AB15}.Release|Any CPU.ActiveCfg = Release|Any CPU
		{EE92F257-E08B-4247-894E-814B4843AB15}.Release|Any CPU.Build.0 = Release|Any CPU
	EndGlobalSection
	GlobalSection(SolutionProperties) = preSolution
		HideSolutionNode = FALSE
	EndGlobalSection
	GlobalSection(ExtensibilityGlobals) = postSolution
		SolutionGuid = {140EE529-9E99-4363-933A-4393F217CED3}
	EndGlobalSection
EndGlobal
